// !$*UTF8*$!
{
	archiveVersion = 1;
	classes = {
	};
	objectVersion = 50;
	objects = {

/* Begin PBXBuildFile section */
		460A433524D23AC400F6C447 /* CardView.swift in Sources */ = {isa = PBXBuildFile; fileRef = 460A433424D23AC400F6C447 /* CardView.swift */; };
		460A433824D23B9D00F6C447 /* ColorView.swift in Sources */ = {isa = PBXBuildFile; fileRef = 460A433624D23B9D00F6C447 /* ColorView.swift */; };
		460A433924D23B9D00F6C447 /* ColorButtonMenu.swift in Sources */ = {isa = PBXBuildFile; fileRef = 460A433724D23B9D00F6C447 /* ColorButtonMenu.swift */; };
		460A433D24D24F5200F6C447 /* DesignIExampleView.swift in Sources */ = {isa = PBXBuildFile; fileRef = 460A433C24D24F5200F6C447 /* DesignIExampleView.swift */; };
		460A433F24D25DDF00F6C447 /* API.swift in Sources */ = {isa = PBXBuildFile; fileRef = 460A433E24D25DDF00F6C447 /* API.swift */; };
		4613FFAC24BC2A2F000A9F1C /* TicketRow.swift in Sources */ = {isa = PBXBuildFile; fileRef = 4613FFAB24BC2A2F000A9F1C /* TicketRow.swift */; };
		4615F24824BBD5BC00E4E665 /* DateButton.swift in Sources */ = {isa = PBXBuildFile; fileRef = 4615F24724BBD5BC00E4E665 /* DateButton.swift */; };
		4615F24A24BBD9E000E4E665 /* FlightViewModel.swift in Sources */ = {isa = PBXBuildFile; fileRef = 4615F24924BBD9E000E4E665 /* FlightViewModel.swift */; };
		4615F24C24BBDB6500E4E665 /* VibrancyBackground.swift in Sources */ = {isa = PBXBuildFile; fileRef = 4615F24B24BBDB6500E4E665 /* VibrancyBackground.swift */; };
		4615F24E24BBEF4900E4E665 /* NavigationBar+Extension.swift in Sources */ = {isa = PBXBuildFile; fileRef = 4615F24D24BBEF4900E4E665 /* NavigationBar+Extension.swift */; };
		4615F25424BBF09300E4E665 /* ChooseFlightView.swift in Sources */ = {isa = PBXBuildFile; fileRef = 4615F25324BBF09300E4E665 /* ChooseFlightView.swift */; };
		4617349C24B3F078005B09CF /* AirlinesWorkshopApp.swift in Sources */ = {isa = PBXBuildFile; fileRef = 4617349B24B3F078005B09CF /* AirlinesWorkshopApp.swift */; };
		4617349E24B3F078005B09CF /* ContentView.swift in Sources */ = {isa = PBXBuildFile; fileRef = 4617349D24B3F078005B09CF /* ContentView.swift */; };
		461734A024B3F079005B09CF /* Assets.xcassets in Resources */ = {isa = PBXBuildFile; fileRef = 4617349F24B3F079005B09CF /* Assets.xcassets */; };
		461734AE24B3F079005B09CF /* AirlinesWorkshopTests.swift in Sources */ = {isa = PBXBuildFile; fileRef = 461734AD24B3F079005B09CF /* AirlinesWorkshopTests.swift */; };
		461734B924B3F079005B09CF /* AirlinesWorkshopUITests.swift in Sources */ = {isa = PBXBuildFile; fileRef = 461734B824B3F079005B09CF /* AirlinesWorkshopUITests.swift */; };
		46267B0624C50B280067DD1F /* locations.json in Resources */ = {isa = PBXBuildFile; fileRef = 46267B0524C50B280067DD1F /* locations.json */; };
		46267B0824C50F710067DD1F /* Location.swift in Sources */ = {isa = PBXBuildFile; fileRef = 46267B0724C50F710067DD1F /* Location.swift */; };
		46267B0B24C510B90067DD1F /* LocationSelectionView.swift in Sources */ = {isa = PBXBuildFile; fileRef = 46267B0A24C510B90067DD1F /* LocationSelectionView.swift */; };
		463F7CEB24CC0672000E3DA9 /* DesignIIExampleView.swift in Sources */ = {isa = PBXBuildFile; fileRef = 463F7CEA24CC0672000E3DA9 /* DesignIIExampleView.swift */; };
		463F7CED24CC0682000E3DA9 /* AnimationIExampleView.swift in Sources */ = {isa = PBXBuildFile; fileRef = 463F7CEC24CC0682000E3DA9 /* AnimationIExampleView.swift */; };
		463F7CEF24CC0691000E3DA9 /* AnimationIIExampleView.swift in Sources */ = {isa = PBXBuildFile; fileRef = 463F7CEE24CC0691000E3DA9 /* AnimationIIExampleView.swift */; };
		463F7CF124CC069E000E3DA9 /* MainDataView.swift in Sources */ = {isa = PBXBuildFile; fileRef = 463F7CF024CC069E000E3DA9 /* MainDataView.swift */; };
		465C427624C63B0E00DF2969 /* StringOptional+Extension.swift in Sources */ = {isa = PBXBuildFile; fileRef = 465C427524C63B0E00DF2969 /* StringOptional+Extension.swift */; };
		468E931624C8000D001E33ED /* SeatButtonView.swift in Sources */ = {isa = PBXBuildFile; fileRef = 468E931524C8000D001E33ED /* SeatButtonView.swift */; };
		468E931824C80051001E33ED /* SeatToggleStyle.swift in Sources */ = {isa = PBXBuildFile; fileRef = 468E931724C80051001E33ED /* SeatToggleStyle.swift */; };
		468E931A24C8008C001E33ED /* SeatInfoView.swift in Sources */ = {isa = PBXBuildFile; fileRef = 468E931924C8008C001E33ED /* SeatInfoView.swift */; };
		468E931C24C800CD001E33ED /* SeatContentView.swift in Sources */ = {isa = PBXBuildFile; fileRef = 468E931B24C800CD001E33ED /* SeatContentView.swift */; };
		468E931F24C80A56001E33ED /* EdgeBorder.swift in Sources */ = {isa = PBXBuildFile; fileRef = 468E931E24C80A56001E33ED /* EdgeBorder.swift */; };
		4691640B24BBF1480054910E /* Preview Assets.xcassets in Resources */ = {isa = PBXBuildFile; fileRef = 4691640A24BBF1470054910E /* Preview Assets.xcassets */; };
		4691640D24BBF1900054910E /* BookFlightView.swift in Sources */ = {isa = PBXBuildFile; fileRef = 4691640C24BBF1900054910E /* BookFlightView.swift */; };
		4691640F24BBF43A0054910E /* FooterButton.swift in Sources */ = {isa = PBXBuildFile; fileRef = 4691640E24BBF43A0054910E /* FooterButton.swift */; };
		4691641124BBF86D0054910E /* ChooseFlightHeaderView.swift in Sources */ = {isa = PBXBuildFile; fileRef = 4691641024BBF86D0054910E /* ChooseFlightHeaderView.swift */; };
		46B9AA0824D145FA00319133 /* SeatButtonExampleView.swift in Sources */ = {isa = PBXBuildFile; fileRef = 46B9AA0724D145FA00319133 /* SeatButtonExampleView.swift */; };
		46BC3A5824BCFD3000941A02 /* SeatSelectionView.swift in Sources */ = {isa = PBXBuildFile; fileRef = 46BC3A5724BCFD3000941A02 /* SeatSelectionView.swift */; };
		46BC3A5E24BD234600941A02 /* DestinationButton.swift in Sources */ = {isa = PBXBuildFile; fileRef = 46BC3A5D24BD234600941A02 /* DestinationButton.swift */; };
		46BC3A6024BD237400941A02 /* ArrivalButton.swift in Sources */ = {isa = PBXBuildFile; fileRef = 46BC3A5F24BD237400941A02 /* ArrivalButton.swift */; };
		46BC3A6424BD23C700941A02 /* FlightBookingHeaderView.swift in Sources */ = {isa = PBXBuildFile; fileRef = 46BC3A6324BD23C700941A02 /* FlightBookingHeaderView.swift */; };
		46BC3A6624BD23F300941A02 /* FlightInfoView.swift in Sources */ = {isa = PBXBuildFile; fileRef = 46BC3A6524BD23F300941A02 /* FlightInfoView.swift */; };
		46BC3A6824BD2F7C00941A02 /* ButtonItem.swift in Sources */ = {isa = PBXBuildFile; fileRef = 46BC3A6724BD2F7C00941A02 /* ButtonItem.swift */; };
		46CBF8C724B3F98300A72EBE /* ScaledFont.swift in Sources */ = {isa = PBXBuildFile; fileRef = 46CBF8C424B3F98300A72EBE /* ScaledFont.swift */; };
		46CBF8C824B3F98300A72EBE /* RoundedView.swift in Sources */ = {isa = PBXBuildFile; fileRef = 46CBF8C524B3F98300A72EBE /* RoundedView.swift */; };
		46CBF8C924B3F98300A72EBE /* View+Extension.swift in Sources */ = {isa = PBXBuildFile; fileRef = 46CBF8C624B3F98300A72EBE /* View+Extension.swift */; };
		46CBF8CB24B3FC9B00A72EBE /* Palette+Color.swift in Sources */ = {isa = PBXBuildFile; fileRef = 46CBF8CA24B3FC9B00A72EBE /* Palette+Color.swift */; };
		46CBF8CE24B3FD3700A72EBE /* AppButtonStyle.swift in Sources */ = {isa = PBXBuildFile; fileRef = 46CBF8CD24B3FD3700A72EBE /* AppButtonStyle.swift */; };
		46CBF8D024B4139500A72EBE /* CustomDatePicker.swift in Sources */ = {isa = PBXBuildFile; fileRef = 46CBF8CF24B4139500A72EBE /* CustomDatePicker.swift */; };
		46CBF8D224B413BB00A72EBE /* DateItem.swift in Sources */ = {isa = PBXBuildFile; fileRef = 46CBF8D124B413BB00A72EBE /* DateItem.swift */; };
		46CBF8D524B413D500A72EBE /* CalendarItem.swift in Sources */ = {isa = PBXBuildFile; fileRef = 46CBF8D324B413D500A72EBE /* CalendarItem.swift */; };
		46CBF8D624B413D500A72EBE /* CalendarSelectedItem.swift in Sources */ = {isa = PBXBuildFile; fileRef = 46CBF8D424B413D500A72EBE /* CalendarSelectedItem.swift */; };
		46DC857024C7A99100C006B9 /* BookFlightContentView.swift in Sources */ = {isa = PBXBuildFile; fileRef = 46DC856F24C7A99100C006B9 /* BookFlightContentView.swift */; };
		46DC857324C7AA8F00C006B9 /* BookFlightHeaderView.swift in Sources */ = {isa = PBXBuildFile; fileRef = 46DC857224C7AA8F00C006B9 /* BookFlightHeaderView.swift */; };
		46DC857524C7DB2500C006B9 /* Seats.plist in Resources */ = {isa = PBXBuildFile; fileRef = 46DC857424C7DB2500C006B9 /* Seats.plist */; };
		46EBB13324C8D6AF00EA13F6 /* Seat.swift in Sources */ = {isa = PBXBuildFile; fileRef = 46EBB13224C8D6AF00EA13F6 /* Seat.swift */; };
		46EBB13724C8E3CD00EA13F6 /* FlightPathView.swift in Sources */ = {isa = PBXBuildFile; fileRef = 46EBB13624C8E3CD00EA13F6 /* FlightPathView.swift */; };
/* End PBXBuildFile section */

/* Begin PBXContainerItemProxy section */
		461734AA24B3F079005B09CF /* PBXContainerItemProxy */ = {
			isa = PBXContainerItemProxy;
			containerPortal = 4617349024B3F078005B09CF /* Project object */;
			proxyType = 1;
			remoteGlobalIDString = 4617349724B3F078005B09CF;
			remoteInfo = AirlinesWorkshop;
		};
		461734B524B3F079005B09CF /* PBXContainerItemProxy */ = {
			isa = PBXContainerItemProxy;
			containerPortal = 4617349024B3F078005B09CF /* Project object */;
			proxyType = 1;
			remoteGlobalIDString = 4617349724B3F078005B09CF;
			remoteInfo = AirlinesWorkshop;
		};
/* End PBXContainerItemProxy section */

/* Begin PBXFileReference section */
		460A433424D23AC400F6C447 /* CardView.swift */ = {isa = PBXFileReference; lastKnownFileType = sourcecode.swift; path = CardView.swift; sourceTree = "<group>"; };
		460A433624D23B9D00F6C447 /* ColorView.swift */ = {isa = PBXFileReference; fileEncoding = 4; lastKnownFileType = sourcecode.swift; path = ColorView.swift; sourceTree = "<group>"; };
		460A433724D23B9D00F6C447 /* ColorButtonMenu.swift */ = {isa = PBXFileReference; fileEncoding = 4; lastKnownFileType = sourcecode.swift; path = ColorButtonMenu.swift; sourceTree = "<group>"; };
		460A433C24D24F5200F6C447 /* DesignIExampleView.swift */ = {isa = PBXFileReference; lastKnownFileType = sourcecode.swift; path = DesignIExampleView.swift; sourceTree = "<group>"; };
		460A433E24D25DDF00F6C447 /* API.swift */ = {isa = PBXFileReference; lastKnownFileType = sourcecode.swift; path = API.swift; sourceTree = "<group>"; };
		4613FFAB24BC2A2F000A9F1C /* TicketRow.swift */ = {isa = PBXFileReference; lastKnownFileType = sourcecode.swift; path = TicketRow.swift; sourceTree = "<group>"; };
		4615F24724BBD5BC00E4E665 /* DateButton.swift */ = {isa = PBXFileReference; lastKnownFileType = sourcecode.swift; path = DateButton.swift; sourceTree = "<group>"; };
		4615F24924BBD9E000E4E665 /* FlightViewModel.swift */ = {isa = PBXFileReference; lastKnownFileType = sourcecode.swift; path = FlightViewModel.swift; sourceTree = "<group>"; };
		4615F24B24BBDB6500E4E665 /* VibrancyBackground.swift */ = {isa = PBXFileReference; fileEncoding = 4; lastKnownFileType = sourcecode.swift; path = VibrancyBackground.swift; sourceTree = "<group>"; };
		4615F24D24BBEF4900E4E665 /* NavigationBar+Extension.swift */ = {isa = PBXFileReference; lastKnownFileType = sourcecode.swift; path = "NavigationBar+Extension.swift"; sourceTree = "<group>"; };
		4615F25324BBF09300E4E665 /* ChooseFlightView.swift */ = {isa = PBXFileReference; lastKnownFileType = sourcecode.swift; path = ChooseFlightView.swift; sourceTree = "<group>"; };
		4617349824B3F078005B09CF /* AirlinesWorkshop.app */ = {isa = PBXFileReference; explicitFileType = wrapper.application; includeInIndex = 0; path = AirlinesWorkshop.app; sourceTree = BUILT_PRODUCTS_DIR; };
		4617349B24B3F078005B09CF /* AirlinesWorkshopApp.swift */ = {isa = PBXFileReference; lastKnownFileType = sourcecode.swift; path = AirlinesWorkshopApp.swift; sourceTree = "<group>"; };
		4617349D24B3F078005B09CF /* ContentView.swift */ = {isa = PBXFileReference; lastKnownFileType = sourcecode.swift; path = ContentView.swift; sourceTree = "<group>"; };
		4617349F24B3F079005B09CF /* Assets.xcassets */ = {isa = PBXFileReference; lastKnownFileType = folder.assetcatalog; path = Assets.xcassets; sourceTree = "<group>"; };
		461734A424B3F079005B09CF /* Info.plist */ = {isa = PBXFileReference; lastKnownFileType = text.plist.xml; path = Info.plist; sourceTree = "<group>"; };
		461734A924B3F079005B09CF /* AirlinesWorkshopTests.xctest */ = {isa = PBXFileReference; explicitFileType = wrapper.cfbundle; includeInIndex = 0; path = AirlinesWorkshopTests.xctest; sourceTree = BUILT_PRODUCTS_DIR; };
		461734AD24B3F079005B09CF /* AirlinesWorkshopTests.swift */ = {isa = PBXFileReference; lastKnownFileType = sourcecode.swift; path = AirlinesWorkshopTests.swift; sourceTree = "<group>"; };
		461734AF24B3F079005B09CF /* Info.plist */ = {isa = PBXFileReference; lastKnownFileType = text.plist.xml; path = Info.plist; sourceTree = "<group>"; };
		461734B424B3F079005B09CF /* AirlinesWorkshopUITests.xctest */ = {isa = PBXFileReference; explicitFileType = wrapper.cfbundle; includeInIndex = 0; path = AirlinesWorkshopUITests.xctest; sourceTree = BUILT_PRODUCTS_DIR; };
		461734B824B3F079005B09CF /* AirlinesWorkshopUITests.swift */ = {isa = PBXFileReference; lastKnownFileType = sourcecode.swift; path = AirlinesWorkshopUITests.swift; sourceTree = "<group>"; };
		461734BA24B3F079005B09CF /* Info.plist */ = {isa = PBXFileReference; lastKnownFileType = text.plist.xml; path = Info.plist; sourceTree = "<group>"; };
		46267B0524C50B280067DD1F /* locations.json */ = {isa = PBXFileReference; fileEncoding = 4; lastKnownFileType = text.json; path = locations.json; sourceTree = "<group>"; };
		46267B0724C50F710067DD1F /* Location.swift */ = {isa = PBXFileReference; lastKnownFileType = sourcecode.swift; path = Location.swift; sourceTree = "<group>"; };
		46267B0A24C510B90067DD1F /* LocationSelectionView.swift */ = {isa = PBXFileReference; lastKnownFileType = sourcecode.swift; path = LocationSelectionView.swift; sourceTree = "<group>"; };
		463F7CEA24CC0672000E3DA9 /* DesignIIExampleView.swift */ = {isa = PBXFileReference; lastKnownFileType = sourcecode.swift; path = DesignIIExampleView.swift; sourceTree = "<group>"; };
		463F7CEC24CC0682000E3DA9 /* AnimationIExampleView.swift */ = {isa = PBXFileReference; lastKnownFileType = sourcecode.swift; path = AnimationIExampleView.swift; sourceTree = "<group>"; };
		463F7CEE24CC0691000E3DA9 /* AnimationIIExampleView.swift */ = {isa = PBXFileReference; lastKnownFileType = sourcecode.swift; path = AnimationIIExampleView.swift; sourceTree = "<group>"; };
		463F7CF024CC069E000E3DA9 /* MainDataView.swift */ = {isa = PBXFileReference; lastKnownFileType = sourcecode.swift; path = MainDataView.swift; sourceTree = "<group>"; };
		465C427524C63B0E00DF2969 /* StringOptional+Extension.swift */ = {isa = PBXFileReference; fileEncoding = 4; lastKnownFileType = sourcecode.swift; path = "StringOptional+Extension.swift"; sourceTree = "<group>"; };
		468E931524C8000D001E33ED /* SeatButtonView.swift */ = {isa = PBXFileReference; lastKnownFileType = sourcecode.swift; path = SeatButtonView.swift; sourceTree = "<group>"; };
		468E931724C80051001E33ED /* SeatToggleStyle.swift */ = {isa = PBXFileReference; lastKnownFileType = sourcecode.swift; path = SeatToggleStyle.swift; sourceTree = "<group>"; };
		468E931924C8008C001E33ED /* SeatInfoView.swift */ = {isa = PBXFileReference; lastKnownFileType = sourcecode.swift; path = SeatInfoView.swift; sourceTree = "<group>"; };
		468E931B24C800CD001E33ED /* SeatContentView.swift */ = {isa = PBXFileReference; lastKnownFileType = sourcecode.swift; path = SeatContentView.swift; sourceTree = "<group>"; };
		468E931E24C80A56001E33ED /* EdgeBorder.swift */ = {isa = PBXFileReference; fileEncoding = 4; lastKnownFileType = sourcecode.swift; path = EdgeBorder.swift; sourceTree = "<group>"; };
		4691640A24BBF1470054910E /* Preview Assets.xcassets */ = {isa = PBXFileReference; lastKnownFileType = folder.assetcatalog; path = "Preview Assets.xcassets"; sourceTree = "<group>"; };
		4691640C24BBF1900054910E /* BookFlightView.swift */ = {isa = PBXFileReference; lastKnownFileType = sourcecode.swift; path = BookFlightView.swift; sourceTree = "<group>"; };
		4691640E24BBF43A0054910E /* FooterButton.swift */ = {isa = PBXFileReference; lastKnownFileType = sourcecode.swift; path = FooterButton.swift; sourceTree = "<group>"; };
		4691641024BBF86D0054910E /* ChooseFlightHeaderView.swift */ = {isa = PBXFileReference; lastKnownFileType = sourcecode.swift; path = ChooseFlightHeaderView.swift; sourceTree = "<group>"; };
		46B9AA0724D145FA00319133 /* SeatButtonExampleView.swift */ = {isa = PBXFileReference; lastKnownFileType = sourcecode.swift; path = SeatButtonExampleView.swift; sourceTree = "<group>"; };
		46BC3A5724BCFD3000941A02 /* SeatSelectionView.swift */ = {isa = PBXFileReference; lastKnownFileType = sourcecode.swift; path = SeatSelectionView.swift; sourceTree = "<group>"; };
		46BC3A5D24BD234600941A02 /* DestinationButton.swift */ = {isa = PBXFileReference; lastKnownFileType = sourcecode.swift; path = DestinationButton.swift; sourceTree = "<group>"; };
		46BC3A5F24BD237400941A02 /* ArrivalButton.swift */ = {isa = PBXFileReference; lastKnownFileType = sourcecode.swift; path = ArrivalButton.swift; sourceTree = "<group>"; };
		46BC3A6324BD23C700941A02 /* FlightBookingHeaderView.swift */ = {isa = PBXFileReference; lastKnownFileType = sourcecode.swift; path = FlightBookingHeaderView.swift; sourceTree = "<group>"; };
		46BC3A6524BD23F300941A02 /* FlightInfoView.swift */ = {isa = PBXFileReference; lastKnownFileType = sourcecode.swift; path = FlightInfoView.swift; sourceTree = "<group>"; };
		46BC3A6724BD2F7C00941A02 /* ButtonItem.swift */ = {isa = PBXFileReference; lastKnownFileType = sourcecode.swift; path = ButtonItem.swift; sourceTree = "<group>"; };
		46CBF8C424B3F98300A72EBE /* ScaledFont.swift */ = {isa = PBXFileReference; fileEncoding = 4; lastKnownFileType = sourcecode.swift; path = ScaledFont.swift; sourceTree = "<group>"; };
		46CBF8C524B3F98300A72EBE /* RoundedView.swift */ = {isa = PBXFileReference; fileEncoding = 4; lastKnownFileType = sourcecode.swift; path = RoundedView.swift; sourceTree = "<group>"; };
		46CBF8C624B3F98300A72EBE /* View+Extension.swift */ = {isa = PBXFileReference; fileEncoding = 4; lastKnownFileType = sourcecode.swift; path = "View+Extension.swift"; sourceTree = "<group>"; };
		46CBF8CA24B3FC9B00A72EBE /* Palette+Color.swift */ = {isa = PBXFileReference; fileEncoding = 4; lastKnownFileType = sourcecode.swift; path = "Palette+Color.swift"; sourceTree = "<group>"; };
		46CBF8CD24B3FD3700A72EBE /* AppButtonStyle.swift */ = {isa = PBXFileReference; lastKnownFileType = sourcecode.swift; path = AppButtonStyle.swift; sourceTree = "<group>"; };
		46CBF8CF24B4139500A72EBE /* CustomDatePicker.swift */ = {isa = PBXFileReference; lastKnownFileType = sourcecode.swift; path = CustomDatePicker.swift; sourceTree = "<group>"; };
		46CBF8D124B413BB00A72EBE /* DateItem.swift */ = {isa = PBXFileReference; lastKnownFileType = sourcecode.swift; path = DateItem.swift; sourceTree = "<group>"; };
		46CBF8D324B413D500A72EBE /* CalendarItem.swift */ = {isa = PBXFileReference; fileEncoding = 4; lastKnownFileType = sourcecode.swift; path = CalendarItem.swift; sourceTree = "<group>"; };
		46CBF8D424B413D500A72EBE /* CalendarSelectedItem.swift */ = {isa = PBXFileReference; fileEncoding = 4; lastKnownFileType = sourcecode.swift; path = CalendarSelectedItem.swift; sourceTree = "<group>"; };
		46DC856F24C7A99100C006B9 /* BookFlightContentView.swift */ = {isa = PBXFileReference; lastKnownFileType = sourcecode.swift; path = BookFlightContentView.swift; sourceTree = "<group>"; };
		46DC857224C7AA8F00C006B9 /* BookFlightHeaderView.swift */ = {isa = PBXFileReference; lastKnownFileType = sourcecode.swift; path = BookFlightHeaderView.swift; sourceTree = "<group>"; };
		46DC857424C7DB2500C006B9 /* Seats.plist */ = {isa = PBXFileReference; lastKnownFileType = text.plist.xml; path = Seats.plist; sourceTree = "<group>"; };
		46EBB13224C8D6AF00EA13F6 /* Seat.swift */ = {isa = PBXFileReference; lastKnownFileType = sourcecode.swift; path = Seat.swift; sourceTree = "<group>"; };
		46EBB13624C8E3CD00EA13F6 /* FlightPathView.swift */ = {isa = PBXFileReference; fileEncoding = 4; lastKnownFileType = sourcecode.swift; path = FlightPathView.swift; sourceTree = "<group>"; };
/* End PBXFileReference section */

/* Begin PBXFrameworksBuildPhase section */
		4617349524B3F078005B09CF /* Frameworks */ = {
			isa = PBXFrameworksBuildPhase;
			buildActionMask = 2147483647;
			files = (
			);
			runOnlyForDeploymentPostprocessing = 0;
		};
		461734A624B3F079005B09CF /* Frameworks */ = {
			isa = PBXFrameworksBuildPhase;
			buildActionMask = 2147483647;
			files = (
			);
			runOnlyForDeploymentPostprocessing = 0;
		};
		461734B124B3F079005B09CF /* Frameworks */ = {
			isa = PBXFrameworksBuildPhase;
			buildActionMask = 2147483647;
			files = (
			);
			runOnlyForDeploymentPostprocessing = 0;
		};
/* End PBXFrameworksBuildPhase section */

/* Begin PBXGroup section */
		460A433A24D23FB300F6C447 /* Data Example */ = {
			isa = PBXGroup;
			children = (
				460A433724D23B9D00F6C447 /* ColorButtonMenu.swift */,
				460A433424D23AC400F6C447 /* CardView.swift */,
				460A433624D23B9D00F6C447 /* ColorView.swift */,
				463F7CF024CC069E000E3DA9 /* MainDataView.swift */,
			);
			path = "Data Example";
			sourceTree = "<group>";
		};
		460A433B24D240A100F6C447 /* Animation Example */ = {
			isa = PBXGroup;
			children = (
				463F7CEC24CC0682000E3DA9 /* AnimationIExampleView.swift */,
				463F7CEE24CC0691000E3DA9 /* AnimationIIExampleView.swift */,
			);
			path = "Animation Example";
			sourceTree = "<group>";
		};
		4615F24F24BBEF9A00E4E665 /* Views */ = {
			isa = PBXGroup;
			children = (
				4615F25024BBEFA000E4E665 /* Supporting Views */,
				4691640C24BBF1900054910E /* BookFlightView.swift */,
				4615F25324BBF09300E4E665 /* ChooseFlightView.swift */,
				46BC3A5724BCFD3000941A02 /* SeatSelectionView.swift */,
				46267B0A24C510B90067DD1F /* LocationSelectionView.swift */,
				4617349D24B3F078005B09CF /* ContentView.swift */,
			);
			path = Views;
			sourceTree = "<group>";
		};
		4615F25024BBEFA000E4E665 /* Supporting Views */ = {
			isa = PBXGroup;
			children = (
				46DC856E24C7A98100C006B9 /* Book Flight */,
				46BC3A5A24BD22D400941A02 /* Choose Flight */,
				46BC3A5924BD229E00941A02 /* Seat Selection */,
			);
			path = "Supporting Views";
			sourceTree = "<group>";
		};
		4615F25124BBEFBF00E4E665 /* Application */ = {
			isa = PBXGroup;
			children = (
				4691640924BBF1470054910E /* Preview Content */,
				4617349B24B3F078005B09CF /* AirlinesWorkshopApp.swift */,
				461734A424B3F079005B09CF /* Info.plist */,
				4617349F24B3F079005B09CF /* Assets.xcassets */,
			);
			path = Application;
			sourceTree = "<group>";
		};
		4615F25224BBEFEB00E4E665 /* Model */ = {
			isa = PBXGroup;
			children = (
				46EBB13224C8D6AF00EA13F6 /* Seat.swift */,
				46CBF8D124B413BB00A72EBE /* DateItem.swift */,
				46BC3A6724BD2F7C00941A02 /* ButtonItem.swift */,
				46267B0524C50B280067DD1F /* locations.json */,
				46267B0724C50F710067DD1F /* Location.swift */,
				46DC857424C7DB2500C006B9 /* Seats.plist */,
				460A433E24D25DDF00F6C447 /* API.swift */,
			);
			path = Model;
			sourceTree = "<group>";
		};
		4617348F24B3F078005B09CF = {
			isa = PBXGroup;
			children = (
				4617349A24B3F078005B09CF /* AirlinesWorkshop */,
				461734AC24B3F079005B09CF /* AirlinesWorkshopTests */,
				461734B724B3F079005B09CF /* AirlinesWorkshopUITests */,
				4617349924B3F078005B09CF /* Products */,
			);
			sourceTree = "<group>";
		};
		4617349924B3F078005B09CF /* Products */ = {
			isa = PBXGroup;
			children = (
				4617349824B3F078005B09CF /* AirlinesWorkshop.app */,
				461734A924B3F079005B09CF /* AirlinesWorkshopTests.xctest */,
				461734B424B3F079005B09CF /* AirlinesWorkshopUITests.xctest */,
			);
			name = Products;
			sourceTree = "<group>";
		};
		4617349A24B3F078005B09CF /* AirlinesWorkshop */ = {
			isa = PBXGroup;
			children = (
				463F7CE724CC064F000E3DA9 /* Class Examples */,
				46267B0924C50F9E0067DD1F /* View Models */,
				4615F25124BBEFBF00E4E665 /* Application */,
				4615F24F24BBEF9A00E4E665 /* Views */,
				468E932024C80A60001E33ED /* Helpers */,
			);
			path = AirlinesWorkshop;
			sourceTree = "<group>";
		};
		461734AC24B3F079005B09CF /* AirlinesWorkshopTests */ = {
			isa = PBXGroup;
			children = (
				461734AD24B3F079005B09CF /* AirlinesWorkshopTests.swift */,
				461734AF24B3F079005B09CF /* Info.plist */,
			);
			path = AirlinesWorkshopTests;
			sourceTree = "<group>";
		};
		461734B724B3F079005B09CF /* AirlinesWorkshopUITests */ = {
			isa = PBXGroup;
			children = (
				461734B824B3F079005B09CF /* AirlinesWorkshopUITests.swift */,
				461734BA24B3F079005B09CF /* Info.plist */,
			);
			path = AirlinesWorkshopUITests;
			sourceTree = "<group>";
		};
		46267B0924C50F9E0067DD1F /* View Models */ = {
			isa = PBXGroup;
			children = (
				4615F25224BBEFEB00E4E665 /* Model */,
				4615F24924BBD9E000E4E665 /* FlightViewModel.swift */,
			);
			path = "View Models";
			sourceTree = "<group>";
		};
		463F7CE724CC064F000E3DA9 /* Class Examples */ = {
			isa = PBXGroup;
			children = (
				46B9AA0624D145CE00319133 /* Design Example */,
				460A433B24D240A100F6C447 /* Animation Example */,
				460A433A24D23FB300F6C447 /* Data Example */,
			);
			path = "Class Examples";
			sourceTree = "<group>";
		};
		468E932024C80A60001E33ED /* Helpers */ = {
			isa = PBXGroup;
			children = (
				46CBF8CC24B3FD2500A72EBE /* Button Style */,
				46CBF8C324B3F98300A72EBE /* Extensions */,
				4691640E24BBF43A0054910E /* FooterButton.swift */,
				4615F24B24BBDB6500E4E665 /* VibrancyBackground.swift */,
				468E931E24C80A56001E33ED /* EdgeBorder.swift */,
			);
			path = Helpers;
			sourceTree = "<group>";
		};
		4691640924BBF1470054910E /* Preview Content */ = {
			isa = PBXGroup;
			children = (
				4691640A24BBF1470054910E /* Preview Assets.xcassets */,
			);
			path = "Preview Content";
			sourceTree = "<group>";
		};
		46B9AA0624D145CE00319133 /* Design Example */ = {
			isa = PBXGroup;
			children = (
				460A433C24D24F5200F6C447 /* DesignIExampleView.swift */,
				463F7CEA24CC0672000E3DA9 /* DesignIIExampleView.swift */,
				46B9AA0724D145FA00319133 /* SeatButtonExampleView.swift */,
			);
			path = "Design Example";
			sourceTree = "<group>";
		};
		46BC3A5924BD229E00941A02 /* Seat Selection */ = {
			isa = PBXGroup;
			children = (
				468E931524C8000D001E33ED /* SeatButtonView.swift */,
				468E931924C8008C001E33ED /* SeatInfoView.swift */,
				468E931B24C800CD001E33ED /* SeatContentView.swift */,
			);
			path = "Seat Selection";
			sourceTree = "<group>";
		};
		46BC3A5A24BD22D400941A02 /* Choose Flight */ = {
			isa = PBXGroup;
			children = (
				46EBB13624C8E3CD00EA13F6 /* FlightPathView.swift */,
				4613FFAB24BC2A2F000A9F1C /* TicketRow.swift */,
				4691641024BBF86D0054910E /* ChooseFlightHeaderView.swift */,
			);
			path = "Choose Flight";
			sourceTree = "<group>";
		};
		46CBF8C324B3F98300A72EBE /* Extensions */ = {
			isa = PBXGroup;
			children = (
				4615F24D24BBEF4900E4E665 /* NavigationBar+Extension.swift */,
				465C427524C63B0E00DF2969 /* StringOptional+Extension.swift */,
				46CBF8CA24B3FC9B00A72EBE /* Palette+Color.swift */,
				46CBF8C424B3F98300A72EBE /* ScaledFont.swift */,
				46CBF8C524B3F98300A72EBE /* RoundedView.swift */,
				46CBF8C624B3F98300A72EBE /* View+Extension.swift */,
			);
			path = Extensions;
			sourceTree = "<group>";
		};
		46CBF8CC24B3FD2500A72EBE /* Button Style */ = {
			isa = PBXGroup;
			children = (
				46CBF8CD24B3FD3700A72EBE /* AppButtonStyle.swift */,
				468E931724C80051001E33ED /* SeatToggleStyle.swift */,
			);
			path = "Button Style";
			sourceTree = "<group>";
		};
		46DC856E24C7A98100C006B9 /* Book Flight */ = {
			isa = PBXGroup;
			children = (
				46EBB13124C8D5C800EA13F6 /* Date Picker */,
				46BC3A6324BD23C700941A02 /* FlightBookingHeaderView.swift */,
				46BC3A6524BD23F300941A02 /* FlightInfoView.swift */,
				46BC3A5D24BD234600941A02 /* DestinationButton.swift */,
				46BC3A5F24BD237400941A02 /* ArrivalButton.swift */,
				46DC856F24C7A99100C006B9 /* BookFlightContentView.swift */,
				4615F24724BBD5BC00E4E665 /* DateButton.swift */,
				46DC857224C7AA8F00C006B9 /* BookFlightHeaderView.swift */,
			);
			path = "Book Flight";
			sourceTree = "<group>";
		};
		46EBB13124C8D5C800EA13F6 /* Date Picker */ = {
			isa = PBXGroup;
			children = (
				46CBF8D424B413D500A72EBE /* CalendarSelectedItem.swift */,
				46CBF8D324B413D500A72EBE /* CalendarItem.swift */,
				46CBF8CF24B4139500A72EBE /* CustomDatePicker.swift */,
			);
			path = "Date Picker";
			sourceTree = "<group>";
		};
/* End PBXGroup section */

/* Begin PBXNativeTarget section */
		4617349724B3F078005B09CF /* AirlinesWorkshop */ = {
			isa = PBXNativeTarget;
			buildConfigurationList = 461734BD24B3F079005B09CF /* Build configuration list for PBXNativeTarget "AirlinesWorkshop" */;
			buildPhases = (
				4617349424B3F078005B09CF /* Sources */,
				4617349524B3F078005B09CF /* Frameworks */,
				4617349624B3F078005B09CF /* Resources */,
			);
			buildRules = (
			);
			dependencies = (
			);
			name = AirlinesWorkshop;
			productName = AirlinesWorkshop;
			productReference = 4617349824B3F078005B09CF /* AirlinesWorkshop.app */;
			productType = "com.apple.product-type.application";
		};
		461734A824B3F079005B09CF /* AirlinesWorkshopTests */ = {
			isa = PBXNativeTarget;
			buildConfigurationList = 461734C024B3F079005B09CF /* Build configuration list for PBXNativeTarget "AirlinesWorkshopTests" */;
			buildPhases = (
				461734A524B3F079005B09CF /* Sources */,
				461734A624B3F079005B09CF /* Frameworks */,
				461734A724B3F079005B09CF /* Resources */,
			);
			buildRules = (
			);
			dependencies = (
				461734AB24B3F079005B09CF /* PBXTargetDependency */,
			);
			name = AirlinesWorkshopTests;
			productName = AirlinesWorkshopTests;
			productReference = 461734A924B3F079005B09CF /* AirlinesWorkshopTests.xctest */;
			productType = "com.apple.product-type.bundle.unit-test";
		};
		461734B324B3F079005B09CF /* AirlinesWorkshopUITests */ = {
			isa = PBXNativeTarget;
			buildConfigurationList = 461734C324B3F079005B09CF /* Build configuration list for PBXNativeTarget "AirlinesWorkshopUITests" */;
			buildPhases = (
				461734B024B3F079005B09CF /* Sources */,
				461734B124B3F079005B09CF /* Frameworks */,
				461734B224B3F079005B09CF /* Resources */,
			);
			buildRules = (
			);
			dependencies = (
				461734B624B3F079005B09CF /* PBXTargetDependency */,
			);
			name = AirlinesWorkshopUITests;
			productName = AirlinesWorkshopUITests;
			productReference = 461734B424B3F079005B09CF /* AirlinesWorkshopUITests.xctest */;
			productType = "com.apple.product-type.bundle.ui-testing";
		};
/* End PBXNativeTarget section */

/* Begin PBXProject section */
		4617349024B3F078005B09CF /* Project object */ = {
			isa = PBXProject;
			attributes = {
				LastSwiftUpdateCheck = 1200;
				LastUpgradeCheck = 1200;
				TargetAttributes = {
					4617349724B3F078005B09CF = {
						CreatedOnToolsVersion = 12.0;
					};
					461734A824B3F079005B09CF = {
						CreatedOnToolsVersion = 12.0;
						TestTargetID = 4617349724B3F078005B09CF;
					};
					461734B324B3F079005B09CF = {
						CreatedOnToolsVersion = 12.0;
						TestTargetID = 4617349724B3F078005B09CF;
					};
				};
			};
			buildConfigurationList = 4617349324B3F078005B09CF /* Build configuration list for PBXProject "AirlinesWorkshop" */;
			compatibilityVersion = "Xcode 9.3";
			developmentRegion = en;
			hasScannedForEncodings = 0;
			knownRegions = (
				en,
				Base,
			);
			mainGroup = 4617348F24B3F078005B09CF;
			productRefGroup = 4617349924B3F078005B09CF /* Products */;
			projectDirPath = "";
			projectRoot = "";
			targets = (
				4617349724B3F078005B09CF /* AirlinesWorkshop */,
				461734A824B3F079005B09CF /* AirlinesWorkshopTests */,
				461734B324B3F079005B09CF /* AirlinesWorkshopUITests */,
			);
		};
/* End PBXProject section */

/* Begin PBXResourcesBuildPhase section */
		4617349624B3F078005B09CF /* Resources */ = {
			isa = PBXResourcesBuildPhase;
			buildActionMask = 2147483647;
			files = (
				4691640B24BBF1480054910E /* Preview Assets.xcassets in Resources */,
				46DC857524C7DB2500C006B9 /* Seats.plist in Resources */,
				46267B0624C50B280067DD1F /* locations.json in Resources */,
				461734A024B3F079005B09CF /* Assets.xcassets in Resources */,
			);
			runOnlyForDeploymentPostprocessing = 0;
		};
		461734A724B3F079005B09CF /* Resources */ = {
			isa = PBXResourcesBuildPhase;
			buildActionMask = 2147483647;
			files = (
			);
			runOnlyForDeploymentPostprocessing = 0;
		};
		461734B224B3F079005B09CF /* Resources */ = {
			isa = PBXResourcesBuildPhase;
			buildActionMask = 2147483647;
			files = (
			);
			runOnlyForDeploymentPostprocessing = 0;
		};
/* End PBXResourcesBuildPhase section */

/* Begin PBXSourcesBuildPhase section */
		4617349424B3F078005B09CF /* Sources */ = {
			isa = PBXSourcesBuildPhase;
			buildActionMask = 2147483647;
			files = (
				463F7CF124CC069E000E3DA9 /* MainDataView.swift in Sources */,
				4691640D24BBF1900054910E /* BookFlightView.swift in Sources */,
				46267B0B24C510B90067DD1F /* LocationSelectionView.swift in Sources */,
				46B9AA0824D145FA00319133 /* SeatButtonExampleView.swift in Sources */,
				46BC3A6424BD23C700941A02 /* FlightBookingHeaderView.swift in Sources */,
				463F7CEB24CC0672000E3DA9 /* DesignIIExampleView.swift in Sources */,
				465C427624C63B0E00DF2969 /* StringOptional+Extension.swift in Sources */,
				46CBF8C824B3F98300A72EBE /* RoundedView.swift in Sources */,
				46CBF8D224B413BB00A72EBE /* DateItem.swift in Sources */,
				46CBF8CE24B3FD3700A72EBE /* AppButtonStyle.swift in Sources */,
				468E931824C80051001E33ED /* SeatToggleStyle.swift in Sources */,
				4615F24824BBD5BC00E4E665 /* DateButton.swift in Sources */,
				46EBB13724C8E3CD00EA13F6 /* FlightPathView.swift in Sources */,
				46CBF8CB24B3FC9B00A72EBE /* Palette+Color.swift in Sources */,
				46CBF8D524B413D500A72EBE /* CalendarItem.swift in Sources */,
				460A433524D23AC400F6C447 /* CardView.swift in Sources */,
				4691640F24BBF43A0054910E /* FooterButton.swift in Sources */,
				46DC857324C7AA8F00C006B9 /* BookFlightHeaderView.swift in Sources */,
				463F7CED24CC0682000E3DA9 /* AnimationIExampleView.swift in Sources */,
				463F7CEF24CC0691000E3DA9 /* AnimationIIExampleView.swift in Sources */,
				460A433924D23B9D00F6C447 /* ColorButtonMenu.swift in Sources */,
				4615F25424BBF09300E4E665 /* ChooseFlightView.swift in Sources */,
				46CBF8C724B3F98300A72EBE /* ScaledFont.swift in Sources */,
				46CBF8D024B4139500A72EBE /* CustomDatePicker.swift in Sources */,
				46CBF8C924B3F98300A72EBE /* View+Extension.swift in Sources */,
				4615F24E24BBEF4900E4E665 /* NavigationBar+Extension.swift in Sources */,
				46CBF8D624B413D500A72EBE /* CalendarSelectedItem.swift in Sources */,
				4613FFAC24BC2A2F000A9F1C /* TicketRow.swift in Sources */,
				46BC3A6624BD23F300941A02 /* FlightInfoView.swift in Sources */,
				46BC3A6024BD237400941A02 /* ArrivalButton.swift in Sources */,
				4617349E24B3F078005B09CF /* ContentView.swift in Sources */,
				468E931C24C800CD001E33ED /* SeatContentView.swift in Sources */,
				468E931F24C80A56001E33ED /* EdgeBorder.swift in Sources */,
				46267B0824C50F710067DD1F /* Location.swift in Sources */,
				4691641124BBF86D0054910E /* ChooseFlightHeaderView.swift in Sources */,
				46EBB13324C8D6AF00EA13F6 /* Seat.swift in Sources */,
				460A433824D23B9D00F6C447 /* ColorView.swift in Sources */,
				4615F24A24BBD9E000E4E665 /* FlightViewModel.swift in Sources */,
				4615F24C24BBDB6500E4E665 /* VibrancyBackground.swift in Sources */,
				46BC3A6824BD2F7C00941A02 /* ButtonItem.swift in Sources */,
				468E931A24C8008C001E33ED /* SeatInfoView.swift in Sources */,
				46BC3A5824BCFD3000941A02 /* SeatSelectionView.swift in Sources */,
				46DC857024C7A99100C006B9 /* BookFlightContentView.swift in Sources */,
				468E931624C8000D001E33ED /* SeatButtonView.swift in Sources */,
				460A433D24D24F5200F6C447 /* DesignIExampleView.swift in Sources */,
				46BC3A5E24BD234600941A02 /* DestinationButton.swift in Sources */,
				4617349C24B3F078005B09CF /* AirlinesWorkshopApp.swift in Sources */,
				460A433F24D25DDF00F6C447 /* API.swift in Sources */,
			);
			runOnlyForDeploymentPostprocessing = 0;
		};
		461734A524B3F079005B09CF /* Sources */ = {
			isa = PBXSourcesBuildPhase;
			buildActionMask = 2147483647;
			files = (
				461734AE24B3F079005B09CF /* AirlinesWorkshopTests.swift in Sources */,
			);
			runOnlyForDeploymentPostprocessing = 0;
		};
		461734B024B3F079005B09CF /* Sources */ = {
			isa = PBXSourcesBuildPhase;
			buildActionMask = 2147483647;
			files = (
				461734B924B3F079005B09CF /* AirlinesWorkshopUITests.swift in Sources */,
			);
			runOnlyForDeploymentPostprocessing = 0;
		};
/* End PBXSourcesBuildPhase section */

/* Begin PBXTargetDependency section */
		461734AB24B3F079005B09CF /* PBXTargetDependency */ = {
			isa = PBXTargetDependency;
			target = 4617349724B3F078005B09CF /* AirlinesWorkshop */;
			targetProxy = 461734AA24B3F079005B09CF /* PBXContainerItemProxy */;
		};
		461734B624B3F079005B09CF /* PBXTargetDependency */ = {
			isa = PBXTargetDependency;
			target = 4617349724B3F078005B09CF /* AirlinesWorkshop */;
			targetProxy = 461734B524B3F079005B09CF /* PBXContainerItemProxy */;
		};
/* End PBXTargetDependency section */

/* Begin XCBuildConfiguration section */
		461734BB24B3F079005B09CF /* Debug */ = {
			isa = XCBuildConfiguration;
			buildSettings = {
				ALWAYS_SEARCH_USER_PATHS = NO;
				CLANG_ANALYZER_NONNULL = YES;
				CLANG_ANALYZER_NUMBER_OBJECT_CONVERSION = YES_AGGRESSIVE;
				CLANG_CXX_LANGUAGE_STANDARD = "gnu++14";
				CLANG_CXX_LIBRARY = "libc++";
				CLANG_ENABLE_MODULES = YES;
				CLANG_ENABLE_OBJC_ARC = YES;
				CLANG_ENABLE_OBJC_WEAK = YES;
				CLANG_WARN_BLOCK_CAPTURE_AUTORELEASING = YES;
				CLANG_WARN_BOOL_CONVERSION = YES;
				CLANG_WARN_COMMA = YES;
				CLANG_WARN_CONSTANT_CONVERSION = YES;
				CLANG_WARN_DEPRECATED_OBJC_IMPLEMENTATIONS = YES;
				CLANG_WARN_DIRECT_OBJC_ISA_USAGE = YES_ERROR;
				CLANG_WARN_DOCUMENTATION_COMMENTS = YES;
				CLANG_WARN_EMPTY_BODY = YES;
				CLANG_WARN_ENUM_CONVERSION = YES;
				CLANG_WARN_INFINITE_RECURSION = YES;
				CLANG_WARN_INT_CONVERSION = YES;
				CLANG_WARN_NON_LITERAL_NULL_CONVERSION = YES;
				CLANG_WARN_OBJC_IMPLICIT_RETAIN_SELF = YES;
				CLANG_WARN_OBJC_LITERAL_CONVERSION = YES;
				CLANG_WARN_OBJC_ROOT_CLASS = YES_ERROR;
				CLANG_WARN_QUOTED_INCLUDE_IN_FRAMEWORK_HEADER = YES;
				CLANG_WARN_RANGE_LOOP_ANALYSIS = YES;
				CLANG_WARN_STRICT_PROTOTYPES = YES;
				CLANG_WARN_SUSPICIOUS_MOVE = YES;
				CLANG_WARN_UNGUARDED_AVAILABILITY = YES_AGGRESSIVE;
				CLANG_WARN_UNREACHABLE_CODE = YES;
				CLANG_WARN__DUPLICATE_METHOD_MATCH = YES;
				COPY_PHASE_STRIP = NO;
				DEBUG_INFORMATION_FORMAT = dwarf;
				ENABLE_STRICT_OBJC_MSGSEND = YES;
				ENABLE_TESTABILITY = YES;
				GCC_C_LANGUAGE_STANDARD = gnu11;
				GCC_DYNAMIC_NO_PIC = NO;
				GCC_NO_COMMON_BLOCKS = YES;
				GCC_OPTIMIZATION_LEVEL = 0;
				GCC_PREPROCESSOR_DEFINITIONS = (
					"DEBUG=1",
					"$(inherited)",
				);
				GCC_WARN_64_TO_32_BIT_CONVERSION = YES;
				GCC_WARN_ABOUT_RETURN_TYPE = YES_ERROR;
				GCC_WARN_UNDECLARED_SELECTOR = YES;
				GCC_WARN_UNINITIALIZED_AUTOS = YES_AGGRESSIVE;
				GCC_WARN_UNUSED_FUNCTION = YES;
				GCC_WARN_UNUSED_VARIABLE = YES;
				IPHONEOS_DEPLOYMENT_TARGET = 14.0;
				MTL_ENABLE_DEBUG_INFO = INCLUDE_SOURCE;
				MTL_FAST_MATH = YES;
				ONLY_ACTIVE_ARCH = YES;
				SDKROOT = iphoneos;
				SWIFT_ACTIVE_COMPILATION_CONDITIONS = DEBUG;
				SWIFT_OPTIMIZATION_LEVEL = "-Onone";
			};
			name = Debug;
		};
		461734BC24B3F079005B09CF /* Release */ = {
			isa = XCBuildConfiguration;
			buildSettings = {
				ALWAYS_SEARCH_USER_PATHS = NO;
				CLANG_ANALYZER_NONNULL = YES;
				CLANG_ANALYZER_NUMBER_OBJECT_CONVERSION = YES_AGGRESSIVE;
				CLANG_CXX_LANGUAGE_STANDARD = "gnu++14";
				CLANG_CXX_LIBRARY = "libc++";
				CLANG_ENABLE_MODULES = YES;
				CLANG_ENABLE_OBJC_ARC = YES;
				CLANG_ENABLE_OBJC_WEAK = YES;
				CLANG_WARN_BLOCK_CAPTURE_AUTORELEASING = YES;
				CLANG_WARN_BOOL_CONVERSION = YES;
				CLANG_WARN_COMMA = YES;
				CLANG_WARN_CONSTANT_CONVERSION = YES;
				CLANG_WARN_DEPRECATED_OBJC_IMPLEMENTATIONS = YES;
				CLANG_WARN_DIRECT_OBJC_ISA_USAGE = YES_ERROR;
				CLANG_WARN_DOCUMENTATION_COMMENTS = YES;
				CLANG_WARN_EMPTY_BODY = YES;
				CLANG_WARN_ENUM_CONVERSION = YES;
				CLANG_WARN_INFINITE_RECURSION = YES;
				CLANG_WARN_INT_CONVERSION = YES;
				CLANG_WARN_NON_LITERAL_NULL_CONVERSION = YES;
				CLANG_WARN_OBJC_IMPLICIT_RETAIN_SELF = YES;
				CLANG_WARN_OBJC_LITERAL_CONVERSION = YES;
				CLANG_WARN_OBJC_ROOT_CLASS = YES_ERROR;
				CLANG_WARN_QUOTED_INCLUDE_IN_FRAMEWORK_HEADER = YES;
				CLANG_WARN_RANGE_LOOP_ANALYSIS = YES;
				CLANG_WARN_STRICT_PROTOTYPES = YES;
				CLANG_WARN_SUSPICIOUS_MOVE = YES;
				CLANG_WARN_UNGUARDED_AVAILABILITY = YES_AGGRESSIVE;
				CLANG_WARN_UNREACHABLE_CODE = YES;
				CLANG_WARN__DUPLICATE_METHOD_MATCH = YES;
				COPY_PHASE_STRIP = NO;
				DEBUG_INFORMATION_FORMAT = "dwarf-with-dsym";
				ENABLE_NS_ASSERTIONS = NO;
				ENABLE_STRICT_OBJC_MSGSEND = YES;
				GCC_C_LANGUAGE_STANDARD = gnu11;
				GCC_NO_COMMON_BLOCKS = YES;
				GCC_WARN_64_TO_32_BIT_CONVERSION = YES;
				GCC_WARN_ABOUT_RETURN_TYPE = YES_ERROR;
				GCC_WARN_UNDECLARED_SELECTOR = YES;
				GCC_WARN_UNINITIALIZED_AUTOS = YES_AGGRESSIVE;
				GCC_WARN_UNUSED_FUNCTION = YES;
				GCC_WARN_UNUSED_VARIABLE = YES;
				IPHONEOS_DEPLOYMENT_TARGET = 14.0;
				MTL_ENABLE_DEBUG_INFO = NO;
				MTL_FAST_MATH = YES;
				SDKROOT = iphoneos;
				SWIFT_COMPILATION_MODE = wholemodule;
				SWIFT_OPTIMIZATION_LEVEL = "-O";
				VALIDATE_PRODUCT = YES;
			};
			name = Release;
		};
		461734BE24B3F079005B09CF /* Debug */ = {
			isa = XCBuildConfiguration;
			buildSettings = {
				ASSETCATALOG_COMPILER_APPICON_NAME = AppIcon;
				ASSETCATALOG_COMPILER_GLOBAL_ACCENT_COLOR_NAME = AccentColor;
				CODE_SIGN_STYLE = Automatic;
				DEVELOPMENT_ASSET_PATHS = "AirlinesWorkshop/Application/Preview\\ Content";
				DEVELOPMENT_TEAM = BCKVL9BZPW;
				ENABLE_PREVIEWS = YES;
				INFOPLIST_FILE = "$(SRCROOT)/AirlinesWorkshop/Application/Info.plist";
				IPHONEOS_DEPLOYMENT_TARGET = 14.0;
				LD_RUNPATH_SEARCH_PATHS = (
					"$(inherited)",
					"@executable_path/Frameworks",
				);
				PRODUCT_BUNDLE_IDENTIFIER = academy.cocoa.AirlinesWorkshop;
				PRODUCT_NAME = "$(TARGET_NAME)";
				SWIFT_VERSION = 5.0;
				TARGETED_DEVICE_FAMILY = "1,2";
			};
			name = Debug;
		};
		461734BF24B3F079005B09CF /* Release */ = {
			isa = XCBuildConfiguration;
			buildSettings = {
				ASSETCATALOG_COMPILER_APPICON_NAME = AppIcon;
				ASSETCATALOG_COMPILER_GLOBAL_ACCENT_COLOR_NAME = AccentColor;
				CODE_SIGN_STYLE = Automatic;
				DEVELOPMENT_ASSET_PATHS = "AirlinesWorkshop/Application/Preview\\ Content";
				DEVELOPMENT_TEAM = BCKVL9BZPW;
				ENABLE_PREVIEWS = YES;
				INFOPLIST_FILE = "$(SRCROOT)/AirlinesWorkshop/Application/Info.plist";
				IPHONEOS_DEPLOYMENT_TARGET = 14.0;
				LD_RUNPATH_SEARCH_PATHS = (
					"$(inherited)",
					"@executable_path/Frameworks",
				);
				PRODUCT_BUNDLE_IDENTIFIER = academy.cocoa.AirlinesWorkshop;
				PRODUCT_NAME = "$(TARGET_NAME)";
				SWIFT_VERSION = 5.0;
				TARGETED_DEVICE_FAMILY = "1,2";
			};
			name = Release;
		};
		461734C124B3F079005B09CF /* Debug */ = {
			isa = XCBuildConfiguration;
			buildSettings = {
				ALWAYS_EMBED_SWIFT_STANDARD_LIBRARIES = YES;
				BUNDLE_LOADER = "$(TEST_HOST)";
				CODE_SIGN_STYLE = Automatic;
				DEVELOPMENT_TEAM = BCKVL9BZPW;
				INFOPLIST_FILE = AirlinesWorkshopTests/Info.plist;
				IPHONEOS_DEPLOYMENT_TARGET = 14.0;
				LD_RUNPATH_SEARCH_PATHS = (
					"$(inherited)",
					"@executable_path/Frameworks",
					"@loader_path/Frameworks",
				);
				PRODUCT_BUNDLE_IDENTIFIER = academy.cocoa.AirlinesWorkshopTests;
				PRODUCT_NAME = "$(TARGET_NAME)";
				SWIFT_VERSION = 5.0;
				TARGETED_DEVICE_FAMILY = "1,2";
				TEST_HOST = "$(BUILT_PRODUCTS_DIR)/AirlinesWorkshop.app/AirlinesWorkshop";
			};
			name = Debug;
		};
		461734C224B3F079005B09CF /* Release */ = {
			isa = XCBuildConfiguration;
			buildSettings = {
				ALWAYS_EMBED_SWIFT_STANDARD_LIBRARIES = YES;
				BUNDLE_LOADER = "$(TEST_HOST)";
				CODE_SIGN_STYLE = Automatic;
				DEVELOPMENT_TEAM = BCKVL9BZPW;
				INFOPLIST_FILE = AirlinesWorkshopTests/Info.plist;
				IPHONEOS_DEPLOYMENT_TARGET = 14.0;
				LD_RUNPATH_SEARCH_PATHS = (
					"$(inherited)",
					"@executable_path/Frameworks",
					"@loader_path/Frameworks",
				);
				PRODUCT_BUNDLE_IDENTIFIER = academy.cocoa.AirlinesWorkshopTests;
				PRODUCT_NAME = "$(TARGET_NAME)";
				SWIFT_VERSION = 5.0;
				TARGETED_DEVICE_FAMILY = "1,2";
				TEST_HOST = "$(BUILT_PRODUCTS_DIR)/AirlinesWorkshop.app/AirlinesWorkshop";
			};
			name = Release;
		};
		461734C424B3F079005B09CF /* Debug */ = {
			isa = XCBuildConfiguration;
			buildSettings = {
				ALWAYS_EMBED_SWIFT_STANDARD_LIBRARIES = YES;
				CODE_SIGN_STYLE = Automatic;
				DEVELOPMENT_TEAM = BCKVL9BZPW;
				INFOPLIST_FILE = AirlinesWorkshopUITests/Info.plist;
				LD_RUNPATH_SEARCH_PATHS = (
					"$(inherited)",
					"@executable_path/Frameworks",
					"@loader_path/Frameworks",
				);
				PRODUCT_BUNDLE_IDENTIFIER = academy.cocoa.AirlinesWorkshopUITests;
				PRODUCT_NAME = "$(TARGET_NAME)";
				SWIFT_VERSION = 5.0;
				TARGETED_DEVICE_FAMILY = "1,2";
				TEST_TARGET_NAME = AirlinesWorkshop;
			};
			name = Debug;
		};
		461734C524B3F079005B09CF /* Release */ = {
			isa = XCBuildConfiguration;
			buildSettings = {
				ALWAYS_EMBED_SWIFT_STANDARD_LIBRARIES = YES;
				CODE_SIGN_STYLE = Automatic;
				DEVELOPMENT_TEAM = BCKVL9BZPW;
				INFOPLIST_FILE = AirlinesWorkshopUITests/Info.plist;
				LD_RUNPATH_SEARCH_PATHS = (
					"$(inherited)",
					"@executable_path/Frameworks",
					"@loader_path/Frameworks",
				);
				PRODUCT_BUNDLE_IDENTIFIER = academy.cocoa.AirlinesWorkshopUITests;
				PRODUCT_NAME = "$(TARGET_NAME)";
				SWIFT_VERSION = 5.0;
				TARGETED_DEVICE_FAMILY = "1,2";
				TEST_TARGET_NAME = AirlinesWorkshop;
			};
			name = Release;
		};
/* End XCBuildConfiguration section */

/* Begin XCConfigurationList section */
		4617349324B3F078005B09CF /* Build configuration list for PBXProject "AirlinesWorkshop" */ = {
			isa = XCConfigurationList;
			buildConfigurations = (
				461734BB24B3F079005B09CF /* Debug */,
				461734BC24B3F079005B09CF /* Release */,
			);
			defaultConfigurationIsVisible = 0;
			defaultConfigurationName = Release;
		};
		461734BD24B3F079005B09CF /* Build configuration list for PBXNativeTarget "AirlinesWorkshop" */ = {
			isa = XCConfigurationList;
			buildConfigurations = (
				461734BE24B3F079005B09CF /* Debug */,
				461734BF24B3F079005B09CF /* Release */,
			);
			defaultConfigurationIsVisible = 0;
			defaultConfigurationName = Release;
		};
		461734C024B3F079005B09CF /* Build configuration list for PBXNativeTarget "AirlinesWorkshopTests" */ = {
			isa = XCConfigurationList;
			buildConfigurations = (
				461734C124B3F079005B09CF /* Debug */,
				461734C224B3F079005B09CF /* Release */,
			);
			defaultConfigurationIsVisible = 0;
			defaultConfigurationName = Release;
		};
		461734C324B3F079005B09CF /* Build configuration list for PBXNativeTarget "AirlinesWorkshopUITests" */ = {
			isa = XCConfigurationList;
			buildConfigurations = (
				461734C424B3F079005B09CF /* Debug */,
				461734C524B3F079005B09CF /* Release */,
			);
			defaultConfigurationIsVisible = 0;
			defaultConfigurationName = Release;
		};
/* End XCConfigurationList section */
	};
	rootObject = 4617349024B3F078005B09CF /* Project object */;
}
